{
  "name": "datamoshingtechspike",
  "version": "1.0.0",
  "lockfileVersion": 1,
  "requires": true,
  "dependencies": {
    "datamosher": {
      "version": "0.2.1",
      "resolved": "https://registry.npmjs.org/datamosher/-/datamosher-0.2.1.tgz",
      "integrity": "sha1-og3mpG1AdAC7C0trR2oIjkLw8Sc=",
      "requires": {
        "fs": "^0.0.1-security"
      }
    },
    "fs": {
      "version": "0.0.1-security",
      "resolved": "https://registry.npmjs.org/fs/-/fs-0.0.1-security.tgz",
      "integrity": "sha1-invTcYa23d84E/I4WLV+yq9eQdQ="
    }
  }
}
